
Microsoft Visual Studio Solution File, Format Version 12.00
# Visual Studio Version 17
VisualStudioVersion = 17.0.31903.59
MinimumVisualStudioVersion = 10.0.40219.1
Project("{FAE04EC0-301F-11D3-BF4B-00C04F79EFBC}") = "GslhParser", "src\GslhParser\GslhParser.csproj", "{B86B24E9-24F8-4ED3-9B6E-622DA0EE26AE}"
EndProject
Global
	GlobalSection(SolutionConfigurationPlatforms) = preSolution
		Debug|Any CPU = Debug|Any CPU
		Release|Any CPU = Release|Any CPU
	EndGlobalSection
	GlobalSection(ProjectConfigurationPlatforms) = postSolution
		{B86B24E9-24F8-4ED3-9B6E-622DA0EE26AE}.Debug|Any CPU.ActiveCfg = Debug|Any CPU
		{B86B24E9-24F8-4ED3-9B6E-622DA0EE26AE}.Debug|Any CPU.Build.0 = Debug|Any CPU
		{B86B24E9-24F8-4ED3-9B6E-622DA0EE26AE}.Release|Any CPU.ActiveCfg = Release|Any CPU
		{B86B24E9-24F8-4ED3-9B6E-622DA0EE26AE}.Release|Any CPU.Build.0 = Release|Any CPU
	EndGlobalSection
	GlobalSection(SolutionProperties) = preSolution
		HideSolutionNode = FALSE
	EndGlobalSection
	GlobalSection(ExtensibilityGlobals) = postSolution
		SolutionGuid = {CE012DAF-3B88-4C2A-9919-4398F4A2DFB4}
	EndGlobalSection
EndGlobal
